
Microsoft Visual Studio Solution File, Format Version 12.00
Project("{FAE04EC0-301F-11D3-BF4B-00C04F79EFBC}") = "CheckoutKata", "CheckoutKata\CheckoutKata.csproj", "{4D4CAC71-A161-4CC4-9E9D-20A985A6857F}"
EndProject
Project("{FAE04EC0-301F-11D3-BF4B-00C04F79EFBC}") = "CheckoutKata.Tests", "CheckoutKata.Tests\CheckoutKata.Tests.csproj", "{22BF2599-6965-4F7B-820E-A1D03F410B65}"
EndProject
Project("{2150E333-8FDC-42A3-9474-1A3956D46DE8}") = "SolutionFolder1", "SolutionFolder1", "{76BE298C-5C0D-4E6C-82A1-594797BE6E69}"
	ProjectSection(SolutionItems) = preProject
		.gitignore = .gitignore
	EndProjectSection
EndProject
Global
	GlobalSection(SolutionConfigurationPlatforms) = preSolution
		Debug|Any CPU = Debug|Any CPU
		Release|Any CPU = Release|Any CPU
	EndGlobalSection
	GlobalSection(ProjectConfigurationPlatforms) = postSolution
		{4D4CAC71-A161-4CC4-9E9D-20A985A6857F}.Debug|Any CPU.ActiveCfg = Debug|Any CPU
		{4D4CAC71-A161-4CC4-9E9D-20A985A6857F}.Debug|Any CPU.Build.0 = Debug|Any CPU
		{4D4CAC71-A161-4CC4-9E9D-20A985A6857F}.Release|Any CPU.ActiveCfg = Release|Any CPU
		{4D4CAC71-A161-4CC4-9E9D-20A985A6857F}.Release|Any CPU.Build.0 = Release|Any CPU
		{22BF2599-6965-4F7B-820E-A1D03F410B65}.Debug|Any CPU.ActiveCfg = Debug|Any CPU
		{22BF2599-6965-4F7B-820E-A1D03F410B65}.Debug|Any CPU.Build.0 = Debug|Any CPU
		{22BF2599-6965-4F7B-820E-A1D03F410B65}.Release|Any CPU.ActiveCfg = Release|Any CPU
		{22BF2599-6965-4F7B-820E-A1D03F410B65}.Release|Any CPU.Build.0 = Release|Any CPU
	EndGlobalSection
EndGlobal
